// !$*UTF8*$!
{
	archiveVersion = 1;
	classes = {
	};
	objectVersion = 46;
	objects = {

/* Begin PBXBuildFile section */
		487013401C86AB6F00C3F29E /* AppDelegate.swift in Sources */ = {isa = PBXBuildFile; fileRef = 4870133F1C86AB6F00C3F29E /* AppDelegate.swift */; };
		487013421C86AB6F00C3F29E /* ViewController.swift in Sources */ = {isa = PBXBuildFile; fileRef = 487013411C86AB6F00C3F29E /* ViewController.swift */; };
		487013451C86AB6F00C3F29E /* Main.storyboard in Resources */ = {isa = PBXBuildFile; fileRef = 487013431C86AB6F00C3F29E /* Main.storyboard */; };
		487013471C86AB6F00C3F29E /* Assets.xcassets in Resources */ = {isa = PBXBuildFile; fileRef = 487013461C86AB6F00C3F29E /* Assets.xcassets */; };
		4870134A1C86AB6F00C3F29E /* LaunchScreen.storyboard in Resources */ = {isa = PBXBuildFile; fileRef = 487013481C86AB6F00C3F29E /* LaunchScreen.storyboard */; };
		4870135A1C86BDF700C3F29E /* LaunchImageLinkedIn.png in Resources */ = {isa = PBXBuildFile; fileRef = 487013591C86BDF700C3F29E /* LaunchImageLinkedIn.png */; };
/* End PBXBuildFile section */

/* Begin PBXFileReference section */
		4870133C1C86AB6F00C3F29E /* LinkedIn.app */ = {isa = PBXFileReference; explicitFileType = wrapper.application; includeInIndex = 0; path = LinkedIn.app; sourceTree = BUILT_PRODUCTS_DIR; };
		4870133F1C86AB6F00C3F29E /* AppDelegate.swift */ = {isa = PBXFileReference; lastKnownFileType = sourcecode.swift; path = AppDelegate.swift; sourceTree = "<group>"; };
		487013411C86AB6F00C3F29E /* ViewController.swift */ = {isa = PBXFileReference; lastKnownFileType = sourcecode.swift; path = ViewController.swift; sourceTree = "<group>"; };
		487013441C86AB6F00C3F29E /* Base */ = {isa = PBXFileReference; lastKnownFileType = file.storyboard; name = Base; path = Base.lproj/Main.storyboard; sourceTree = "<group>"; };
		487013461C86AB6F00C3F29E /* Assets.xcassets */ = {isa = PBXFileReference; lastKnownFileType = folder.assetcatalog; path = Assets.xcassets; sourceTree = "<group>"; };
		487013491C86AB6F00C3F29E /* Base */ = {isa = PBXFileReference; lastKnownFileType = file.storyboard; name = Base; path = Base.lproj/LaunchScreen.storyboard; sourceTree = "<group>"; };
		4870134B1C86AB6F00C3F29E /* Info.plist */ = {isa = PBXFileReference; lastKnownFileType = text.plist.xml; path = Info.plist; sourceTree = "<group>"; };
		487013591C86BDF700C3F29E /* LaunchImageLinkedIn.png */ = {isa = PBXFileReference; lastKnownFileType = image.png; path = LaunchImageLinkedIn.png; sourceTree = "<group>"; };
/* End PBXFileReference section */

/* Begin PBXFrameworksBuildPhase section */
		487013391C86AB6F00C3F29E /* Frameworks */ = {
			isa = PBXFrameworksBuildPhase;
			buildActionMask = 2147483647;
			files = (
			);
			runOnlyForDeploymentPostprocessing = 0;
		};
/* End PBXFrameworksBuildPhase section */

/* Begin PBXGroup section */
		487013331C86AB6F00C3F29E = {
			isa = PBXGroup;
			children = (
				4870133E1C86AB6F00C3F29E /* LinkedIn */,
				4870133D1C86AB6F00C3F29E /* Products */,
			);
			sourceTree = "<group>";
		};
		4870133D1C86AB6F00C3F29E /* Products */ = {
			isa = PBXGroup;
			children = (
				4870133C1C86AB6F00C3F29E /* LinkedIn.app */,
			);
			name = Products;
			sourceTree = "<group>";
		};
		4870133E1C86AB6F00C3F29E /* LinkedIn */ = {
			isa = PBXGroup;
			children = (
				4870133F1C86AB6F00C3F29E /* AppDelegate.swift */,
				487013411C86AB6F00C3F29E /* ViewController.swift */,
				487013431C86AB6F00C3F29E /* Main.storyboard */,
				487013591C86BDF700C3F29E /* LaunchImageLinkedIn.png */,
				487013461C86AB6F00C3F29E /* Assets.xcassets */,
				487013481C86AB6F00C3F29E /* LaunchScreen.storyboard */,
				4870134B1C86AB6F00C3F29E /* Info.plist */,
			);
			path = LinkedIn;
			sourceTree = "<group>";
		};
/* End PBXGroup section */

/* Begin PBXNativeTarget section */
		4870133B1C86AB6F00C3F29E /* LinkedIn */ = {
			isa = PBXNativeTarget;
			buildConfigurationList = 4870134E1C86AB6F00C3F29E /* Build configuration list for PBXNativeTarget "LinkedIn" */;
			buildPhases = (
				487013381C86AB6F00C3F29E /* Sources */,
				487013391C86AB6F00C3F29E /* Frameworks */,
				4870133A1C86AB6F00C3F29E /* Resources */,
			);
			buildRules = (
			);
			dependencies = (
			);
			name = LinkedIn;
			productName = LinkedIn;
			productReference = 4870133C1C86AB6F00C3F29E /* LinkedIn.app */;
			productType = "com.apple.product-type.application";
		};
/* End PBXNativeTarget section */

/* Begin PBXProject section */
		487013341C86AB6F00C3F29E /* Project object */ = {
			isa = PBXProject;
			attributes = {
				LastSwiftUpdateCheck = 0720;
				LastUpgradeCheck = 0720;
				ORGANIZATIONNAME = "Joshua Bell";
				TargetAttributes = {
					4870133B1C86AB6F00C3F29E = {
						CreatedOnToolsVersion = 7.2.1;
						DevelopmentTeam = 99W56MYH4P;
					};
				};
			};
			buildConfigurationList = 487013371C86AB6F00C3F29E /* Build configuration list for PBXProject "LinkedIn" */;
			compatibilityVersion = "Xcode 3.2";
			developmentRegion = English;
			hasScannedForEncodings = 0;
			knownRegions = (
				en,
				Base,
			);
			mainGroup = 487013331C86AB6F00C3F29E;
			productRefGroup = 4870133D1C86AB6F00C3F29E /* Products */;
			projectDirPath = "";
			projectRoot = "";
			targets = (
				4870133B1C86AB6F00C3F29E /* LinkedIn */,
			);
		};
/* End PBXProject section */

/* Begin PBXResourcesBuildPhase section */
		4870133A1C86AB6F00C3F29E /* Resources */ = {
			isa = PBXResourcesBuildPhase;
			buildActionMask = 2147483647;
			files = (
				4870134A1C86AB6F00C3F29E /* LaunchScreen.storyboard in Resources */,
				487013471C86AB6F00C3F29E /* Assets.xcassets in Resources */,
				4870135A1C86BDF700C3F29E /* LaunchImageLinkedIn.png in Resources */,
				487013451C86AB6F00C3F29E /* Main.storyboard in Resources */,
			);
			runOnlyForDeploymentPostprocessing = 0;
		};
/* End PBXResourcesBuildPhase section */

/* Begin PBXSourcesBuildPhase section */
		487013381C86AB6F00C3F29E /* Sources */ = {
			isa = PBXSourcesBuildPhase;
			buildActionMask = 2147483647;
			files = (
				487013421C86AB6F00C3F29E /* ViewController.swift in Sources */,
				487013401C86AB6F00C3F29E /* AppDelegate.swift in Sources */,
			);
			runOnlyForDeploymentPostprocessing = 0;
		};
/* End PBXSourcesBuildPhase section */

/* Begin PBXVariantGroup section */
		487013431C86AB6F00C3F29E /* Main.storyboard */ = {
			isa = PBXVariantGroup;
			children = (
				487013441C86AB6F00C3F29E /* Base */,
			);
			name = Main.storyboard;
			sourceTree = "<group>";
		};
		487013481C86AB6F00C3F29E /* LaunchScreen.storyboard */ = {
			isa = PBXVariantGroup;
			children = (
				487013491C86AB6F00C3F29E /* Base */,
			);
			name = LaunchScreen.storyboard;
			sourceTree = "<group>";
		};
/* End PBXVariantGroup section */

/* Begin XCBuildConfiguration section */
		4870134C1C86AB6F00C3F29E /* Debug */ = {
			isa = XCBuildConfiguration;
			buildSettings = {
				ALWAYS_SEARCH_USER_PATHS = NO;
				CLANG_CXX_LANGUAGE_STANDARD = "gnu++0x";
				CLANG_CXX_LIBRARY = "libc++";
				CLANG_ENABLE_MODULES = YES;
				CLANG_ENABLE_OBJC_ARC = YES;
				CLANG_WARN_BOOL_CONVERSION = YES;
				CLANG_WARN_CONSTANT_CONVERSION = YES;
				CLANG_WARN_DIRECT_OBJC_ISA_USAGE = YES_ERROR;
				CLANG_WARN_EMPTY_BODY = YES;
				CLANG_WARN_ENUM_CONVERSION = YES;
				CLANG_WARN_INT_CONVERSION = YES;
				CLANG_WARN_OBJC_ROOT_CLASS = YES_ERROR;
				CLANG_WARN_UNREACHABLE_CODE = YES;
				CLANG_WARN__DUPLICATE_METHOD_MATCH = YES;
				"CODE_SIGN_IDENTITY[sdk=iphoneos*]" = "iPhone Developer";
				COPY_PHASE_STRIP = NO;
				DEBUG_INFORMATION_FORMAT = dwarf;
				ENABLE_STRICT_OBJC_MSGSEND = YES;
				ENABLE_TESTABILITY = YES;
				GCC_C_LANGUAGE_STANDARD = gnu99;
				GCC_DYNAMIC_NO_PIC = NO;
				GCC_NO_COMMON_BLOCKS = YES;
				GCC_OPTIMIZATION_LEVEL = 0;
				GCC_PREPROCESSOR_DEFINITIONS = (
					"DEBUG=1",
					"$(inherited)",
				);
				GCC_WARN_64_TO_32_BIT_CONVERSION = YES;
				GCC_WARN_ABOUT_RETURN_TYPE = YES_ERROR;
				GCC_WARN_UNDECLARED_SELECTOR = YES;
				GCC_WARN_UNINITIALIZED_AUTOS = YES_AGGRESSIVE;
				GCC_WARN_UNUSED_FUNCTION = YES;
				GCC_WARN_UNUSED_VARIABLE = YES;
				IPHONEOS_DEPLOYMENT_TARGET = 9.2;
				MTL_ENABLE_DEBUG_INFO = YES;
				ONLY_ACTIVE_ARCH = YES;
				SDKROOT = iphoneos;
				SWIFT_OPTIMIZATION_LEVEL = "-Onone";
				TARGETED_DEVICE_FAMILY = "1,2";
			};
			name = Debug;
		};
		4870134D1C86AB6F00C3F29E /* Release */ = {
			isa = XCBuildConfiguration;
			buildSettings = {
				ALWAYS_SEARCH_USER_PATHS = NO;
				CLANG_CXX_LANGUAGE_STANDARD = "gnu++0x";
				CLANG_CXX_LIBRARY = "libc++";
				CLANG_ENABLE_MODULES = YES;
				CLANG_ENABLE_OBJC_ARC = YES;
				CLANG_WARN_BOOL_CONVERSION = YES;
				CLANG_WARN_CONSTANT_CONVERSION = YES;
				CLANG_WARN_DIRECT_OBJC_ISA_USAGE = YES_ERROR;
				CLANG_WARN_EMPTY_BODY = YES;
				CLANG_WARN_ENUM_CONVERSION = YES;
				CLANG_WARN_INT_CONVERSION = YES;
				CLANG_WARN_OBJC_ROOT_CLASS = YES_ERROR;
				CLANG_WARN_UNREACHABLE_CODE = YES;
				CLANG_WARN__DUPLICATE_METHOD_MATCH = YES;
				"CODE_SIGN_IDENTITY[sdk=iphoneos*]" = "iPhone Developer";
				COPY_PHASE_STRIP = NO;
				DEBUG_INFORMATION_FORMAT = "dwarf-with-dsym";
				ENABLE_NS_ASSERTIONS = NO;
				ENABLE_STRICT_OBJC_MSGSEND = YES;
				GCC_C_LANGUAGE_STANDARD = gnu99;
				GCC_NO_COMMON_BLOCKS = YES;
				GCC_WARN_64_TO_32_BIT_CONVERSION = YES;
				GCC_WARN_ABOUT_RETURN_TYPE = YES_ERROR;
				GCC_WARN_UNDECLARED_SELECTOR = YES;
				GCC_WARN_UNINITIALIZED_AUTOS = YES_AGGRESSIVE;
				GCC_WARN_UNUSED_FUNCTION = YES;
				GCC_WARN_UNUSED_VARIABLE = YES;
				IPHONEOS_DEPLOYMENT_TARGET = 9.2;
				MTL_ENABLE_DEBUG_INFO = NO;
				SDKROOT = iphoneos;
				TARGETED_DEVICE_FAMILY = "1,2";
				VALIDATE_PRODUCT = YES;
			};
			name = Release;
		};
		4870134F1C86AB6F00C3F29E /* Debug */ = {
			isa = XCBuildConfiguration;
			buildSettings = {
				ASSETCATALOG_COMPILER_APPICON_NAME = AppIcon;
				CODE_SIGN_IDENTITY = "iPhone Developer";
				INFOPLIST_FILE = LinkedIn/Info.plist;
				IPHONEOS_DEPLOYMENT_TARGET = 9.2;
				LD_RUNPATH_SEARCH_PATHS = "$(inherited) @executable_path/Frameworks";
				PRODUCT_BUNDLE_IDENTIFIER = com.joshuabell.LinkedIn;
				PRODUCT_NAME = "$(TARGET_NAME)";
			};
			name = Debug;
		};
		487013501C86AB6F00C3F29E /* Release */ = {
			isa = XCBuildConfiguration;
			buildSettings = {
				ASSETCATALOG_COMPILER_APPICON_NAME = AppIcon;
				CODE_SIGN_IDENTITY = "iPhone Developer";
				INFOPLIST_FILE = LinkedIn/Info.plist;
				IPHONEOS_DEPLOYMENT_TARGET = 9.2;
				LD_RUNPATH_SEARCH_PATHS = "$(inherited) @executable_path/Frameworks";
				PRODUCT_BUNDLE_IDENTIFIER = com.joshuabell.LinkedIn;
				PRODUCT_NAME = "$(TARGET_NAME)";
			};
			name = Release;
		};
/* End XCBuildConfiguration section */

/* Begin XCConfigurationList section */
		487013371C86AB6F00C3F29E /* Build configuration list for PBXProject "LinkedIn" */ = {
			isa = XCConfigurationList;
			buildConfigurations = (
				4870134C1C86AB6F00C3F29E /* Debug */,
				4870134D1C86AB6F00C3F29E /* Release */,
			);
			defaultConfigurationIsVisible = 0;
			defaultConfigurationName = Release;
		};
		4870134E1C86AB6F00C3F29E /* Build configuration list for PBXNativeTarget "LinkedIn" */ = {
			isa = XCConfigurationList;
			buildConfigurations = (
				4870134F1C86AB6F00C3F29E /* Debug */,
				487013501C86AB6F00C3F29E /* Release */,
			);
			defaultConfigurationIsVisible = 0;
		};
/* End XCConfigurationList section */
	};
	rootObject = 487013341C86AB6F00C3F29E /* Project object */;
}
